
Microsoft Visual Studio Solution File, Format Version 12.00
# Visual Studio Version 17
VisualStudioVersion = 17.0.31903.59
MinimumVisualStudioVersion = 10.0.40219.1
Project("{2150E333-8FDC-42A3-9474-1A3956D46DE8}") = "src", "src", "{827E0CD3-B72D-47B6-A68D-7590B98EB39B}"
EndProject
Project("{2150E333-8FDC-42A3-9474-1A3956D46DE8}") = "Domain", "Domain", "{8D626EA8-CB54-BC41-363A-217881BEBA6E}"
EndProject
Project("{FAE04EC0-301F-11D3-BF4B-00C04F79EFBC}") = "TPCadastroUsuario.Core", "src\Core\TPCadastroUsuario.Core.csproj", "{E9A053C4-2F3A-4366-832F-F206739C9E31}"
EndProject
Project("{2150E333-8FDC-42A3-9474-1A3956D46DE8}") = "Application", "Application", "{22BAF98C-8415-17C4-B26A-D537657BC863}"
EndProject
Project("{FAE04EC0-301F-11D3-BF4B-00C04F79EFBC}") = "TPCadastroUsuario.Application", "src\Application\TPCadastroUsuario.Application.csproj", "{8D02EE89-1CD4-45CE-AF0A-0FBCFE4D7871}"
EndProject
Project("{2150E333-8FDC-42A3-9474-1A3956D46DE8}") = "Adapters", "Adapters", "{3E9C3776-17C9-28DE-3735-A8B9F121C183}"
EndProject
Project("{2150E333-8FDC-42A3-9474-1A3956D46DE8}") = "Driven", "Driven", "{881E85BE-B0D8-0019-8553-D45727D918BB}"
EndProject
Project("{2150E333-8FDC-42A3-9474-1A3956D46DE8}") = "Infrastructure", "Infrastructure", "{B70B79A2-31F9-8E6C-050B-4DB42E072CC4}"
EndProject
Project("{FAE04EC0-301F-11D3-BF4B-00C04F79EFBC}") = "TPCadastroUsuario.Adapters.Driven.Infrastructure", "src\Adapters\Driven\Infrastructure\TPCadastroUsuario.Adapters.Driven.Infrastructure.csproj", "{98BEE36D-823C-481C-9F10-C3CDC8B6BDCA}"
EndProject
Project("{2150E333-8FDC-42A3-9474-1A3956D46DE8}") = "Drivers", "Drivers", "{E9D0CA27-8918-6F8A-B406-FDBFA1CD8474}"
EndProject
Project("{2150E333-8FDC-42A3-9474-1A3956D46DE8}") = "WebApi", "WebApi", "{AA21CE7D-28CC-F5D1-7378-4C4790684686}"
EndProject
Project("{2150E333-8FDC-42A3-9474-1A3956D46DE8}") = "Tests", "Tests", "{CEA09484-30F6-4D44-02F6-822E06DBC57C}"
EndProject
Project("{2150E333-8FDC-42A3-9474-1A3956D46DE8}") = "Application.Tests", "Application.Tests", "{C2EE7F64-8DA3-E872-47CE-23FD4D4BA78E}"
EndProject
Project("{FAE04EC0-301F-11D3-BF4B-00C04F79EFBC}") = "TPCadastroUsuario.Application.Tests", "src\Tests\Application.Tests\TPCadastroUsuario.Application.Tests.csproj", "{FAEBB424-58C5-4BFF-9A16-EBC87EBC2EA7}"
EndProject
Project("{2150E333-8FDC-42A3-9474-1A3956D46DE8}") = "Core.Tests", "Core.Tests", "{FA224351-CA56-76EC-0418-D05EE063550C}"
EndProject
Project("{FAE04EC0-301F-11D3-BF4B-00C04F79EFBC}") = "TPCadastroUsuario.Core.Tests", "src\Tests\Core.Tests\TPCadastroUsuario.Core.Tests.csproj", "{CA12F0FE-14A0-4E9B-9091-5B7981C4A59F}"
EndProject
Project("{FAE04EC0-301F-11D3-BF4B-00C04F79EFBC}") = "TPCadastroUsuario.Adapters.Drivers.WebApi", "src\Adapters\Drivers\WebApi\TPCadastroUsuario.Adapters.Drivers.WebApi.csproj", "{EEE4833D-02DF-4865-936E-10CD712A46F2}"
EndProject
Global
	GlobalSection(SolutionConfigurationPlatforms) = preSolution
		Debug|Any CPU = Debug|Any CPU
		Debug|x64 = Debug|x64
		Debug|x86 = Debug|x86
		Release|Any CPU = Release|Any CPU
		Release|x64 = Release|x64
		Release|x86 = Release|x86
	EndGlobalSection
	GlobalSection(ProjectConfigurationPlatforms) = postSolution
		{E9A053C4-2F3A-4366-832F-F206739C9E31}.Debug|Any CPU.ActiveCfg = Debug|Any CPU
		{E9A053C4-2F3A-4366-832F-F206739C9E31}.Debug|Any CPU.Build.0 = Debug|Any CPU
		{E9A053C4-2F3A-4366-832F-F206739C9E31}.Debug|x64.ActiveCfg = Debug|Any CPU
		{E9A053C4-2F3A-4366-832F-F206739C9E31}.Debug|x64.Build.0 = Debug|Any CPU
		{E9A053C4-2F3A-4366-832F-F206739C9E31}.Debug|x86.ActiveCfg = Debug|Any CPU
		{E9A053C4-2F3A-4366-832F-F206739C9E31}.Debug|x86.Build.0 = Debug|Any CPU
		{E9A053C4-2F3A-4366-832F-F206739C9E31}.Release|Any CPU.ActiveCfg = Release|Any CPU
		{E9A053C4-2F3A-4366-832F-F206739C9E31}.Release|Any CPU.Build.0 = Release|Any CPU
		{E9A053C4-2F3A-4366-832F-F206739C9E31}.Release|x64.ActiveCfg = Release|Any CPU
		{E9A053C4-2F3A-4366-832F-F206739C9E31}.Release|x64.Build.0 = Release|Any CPU
		{E9A053C4-2F3A-4366-832F-F206739C9E31}.Release|x86.ActiveCfg = Release|Any CPU
		{E9A053C4-2F3A-4366-832F-F206739C9E31}.Release|x86.Build.0 = Release|Any CPU
		{8D02EE89-1CD4-45CE-AF0A-0FBCFE4D7871}.Debug|Any CPU.ActiveCfg = Debug|Any CPU
		{8D02EE89-1CD4-45CE-AF0A-0FBCFE4D7871}.Debug|Any CPU.Build.0 = Debug|Any CPU
		{8D02EE89-1CD4-45CE-AF0A-0FBCFE4D7871}.Debug|x64.ActiveCfg = Debug|Any CPU
		{8D02EE89-1CD4-45CE-AF0A-0FBCFE4D7871}.Debug|x64.Build.0 = Debug|Any CPU
		{8D02EE89-1CD4-45CE-AF0A-0FBCFE4D7871}.Debug|x86.ActiveCfg = Debug|Any CPU
		{8D02EE89-1CD4-45CE-AF0A-0FBCFE4D7871}.Debug|x86.Build.0 = Debug|Any CPU
		{8D02EE89-1CD4-45CE-AF0A-0FBCFE4D7871}.Release|Any CPU.ActiveCfg = Release|Any CPU
		{8D02EE89-1CD4-45CE-AF0A-0FBCFE4D7871}.Release|Any CPU.Build.0 = Release|Any CPU
		{8D02EE89-1CD4-45CE-AF0A-0FBCFE4D7871}.Release|x64.ActiveCfg = Release|Any CPU
		{8D02EE89-1CD4-45CE-AF0A-0FBCFE4D7871}.Release|x64.Build.0 = Release|Any CPU
		{8D02EE89-1CD4-45CE-AF0A-0FBCFE4D7871}.Release|x86.ActiveCfg = Release|Any CPU
		{8D02EE89-1CD4-45CE-AF0A-0FBCFE4D7871}.Release|x86.Build.0 = Release|Any CPU
		{98BEE36D-823C-481C-9F10-C3CDC8B6BDCA}.Debug|Any CPU.ActiveCfg = Debug|Any CPU
		{98BEE36D-823C-481C-9F10-C3CDC8B6BDCA}.Debug|Any CPU.Build.0 = Debug|Any CPU
		{98BEE36D-823C-481C-9F10-C3CDC8B6BDCA}.Debug|x64.ActiveCfg = Debug|Any CPU
		{98BEE36D-823C-481C-9F10-C3CDC8B6BDCA}.Debug|x64.Build.0 = Debug|Any CPU
		{98BEE36D-823C-481C-9F10-C3CDC8B6BDCA}.Debug|x86.ActiveCfg = Debug|Any CPU
		{98BEE36D-823C-481C-9F10-C3CDC8B6BDCA}.Debug|x86.Build.0 = Debug|Any CPU
		{98BEE36D-823C-481C-9F10-C3CDC8B6BDCA}.Release|Any CPU.ActiveCfg = Release|Any CPU
		{98BEE36D-823C-481C-9F10-C3CDC8B6BDCA}.Release|Any CPU.Build.0 = Release|Any CPU
		{98BEE36D-823C-481C-9F10-C3CDC8B6BDCA}.Release|x64.ActiveCfg = Release|Any CPU
		{98BEE36D-823C-481C-9F10-C3CDC8B6BDCA}.Release|x64.Build.0 = Release|Any CPU
		{98BEE36D-823C-481C-9F10-C3CDC8B6BDCA}.Release|x86.ActiveCfg = Release|Any CPU
		{98BEE36D-823C-481C-9F10-C3CDC8B6BDCA}.Release|x86.Build.0 = Release|Any CPU
		{FAEBB424-58C5-4BFF-9A16-EBC87EBC2EA7}.Debug|Any CPU.ActiveCfg = Debug|Any CPU
		{FAEBB424-58C5-4BFF-9A16-EBC87EBC2EA7}.Debug|Any CPU.Build.0 = Debug|Any CPU
		{FAEBB424-58C5-4BFF-9A16-EBC87EBC2EA7}.Debug|x64.ActiveCfg = Debug|Any CPU
		{FAEBB424-58C5-4BFF-9A16-EBC87EBC2EA7}.Debug|x64.Build.0 = Debug|Any CPU
		{FAEBB424-58C5-4BFF-9A16-EBC87EBC2EA7}.Debug|x86.ActiveCfg = Debug|Any CPU
		{FAEBB424-58C5-4BFF-9A16-EBC87EBC2EA7}.Debug|x86.Build.0 = Debug|Any CPU
		{FAEBB424-58C5-4BFF-9A16-EBC87EBC2EA7}.Release|Any CPU.ActiveCfg = Release|Any CPU
		{FAEBB424-58C5-4BFF-9A16-EBC87EBC2EA7}.Release|Any CPU.Build.0 = Release|Any CPU
		{FAEBB424-58C5-4BFF-9A16-EBC87EBC2EA7}.Release|x64.ActiveCfg = Release|Any CPU
		{FAEBB424-58C5-4BFF-9A16-EBC87EBC2EA7}.Release|x64.Build.0 = Release|Any CPU
		{FAEBB424-58C5-4BFF-9A16-EBC87EBC2EA7}.Release|x86.ActiveCfg = Release|Any CPU
		{FAEBB424-58C5-4BFF-9A16-EBC87EBC2EA7}.Release|x86.Build.0 = Release|Any CPU
		{CA12F0FE-14A0-4E9B-9091-5B7981C4A59F}.Debug|Any CPU.ActiveCfg = Debug|Any CPU
		{CA12F0FE-14A0-4E9B-9091-5B7981C4A59F}.Debug|Any CPU.Build.0 = Debug|Any CPU
		{CA12F0FE-14A0-4E9B-9091-5B7981C4A59F}.Debug|x64.ActiveCfg = Debug|Any CPU
		{CA12F0FE-14A0-4E9B-9091-5B7981C4A59F}.Debug|x64.Build.0 = Debug|Any CPU
		{CA12F0FE-14A0-4E9B-9091-5B7981C4A59F}.Debug|x86.ActiveCfg = Debug|Any CPU
		{CA12F0FE-14A0-4E9B-9091-5B7981C4A59F}.Debug|x86.Build.0 = Debug|Any CPU
		{CA12F0FE-14A0-4E9B-9091-5B7981C4A59F}.Release|Any CPU.ActiveCfg = Release|Any CPU
		{CA12F0FE-14A0-4E9B-9091-5B7981C4A59F}.Release|Any CPU.Build.0 = Release|Any CPU
		{CA12F0FE-14A0-4E9B-9091-5B7981C4A59F}.Release|x64.ActiveCfg = Release|Any CPU
		{CA12F0FE-14A0-4E9B-9091-5B7981C4A59F}.Release|x64.Build.0 = Release|Any CPU
		{CA12F0FE-14A0-4E9B-9091-5B7981C4A59F}.Release|x86.ActiveCfg = Release|Any CPU
		{CA12F0FE-14A0-4E9B-9091-5B7981C4A59F}.Release|x86.Build.0 = Release|Any CPU
		{EEE4833D-02DF-4865-936E-10CD712A46F2}.Debug|Any CPU.ActiveCfg = Debug|Any CPU
		{EEE4833D-02DF-4865-936E-10CD712A46F2}.Debug|Any CPU.Build.0 = Debug|Any CPU
		{EEE4833D-02DF-4865-936E-10CD712A46F2}.Debug|x64.ActiveCfg = Debug|Any CPU
		{EEE4833D-02DF-4865-936E-10CD712A46F2}.Debug|x64.Build.0 = Debug|Any CPU
		{EEE4833D-02DF-4865-936E-10CD712A46F2}.Debug|x86.ActiveCfg = Debug|Any CPU
		{EEE4833D-02DF-4865-936E-10CD712A46F2}.Debug|x86.Build.0 = Debug|Any CPU
		{EEE4833D-02DF-4865-936E-10CD712A46F2}.Release|Any CPU.ActiveCfg = Release|Any CPU
		{EEE4833D-02DF-4865-936E-10CD712A46F2}.Release|Any CPU.Build.0 = Release|Any CPU
		{EEE4833D-02DF-4865-936E-10CD712A46F2}.Release|x64.ActiveCfg = Release|Any CPU
		{EEE4833D-02DF-4865-936E-10CD712A46F2}.Release|x64.Build.0 = Release|Any CPU
		{EEE4833D-02DF-4865-936E-10CD712A46F2}.Release|x86.ActiveCfg = Release|Any CPU
		{EEE4833D-02DF-4865-936E-10CD712A46F2}.Release|x86.Build.0 = Release|Any CPU
	EndGlobalSection
	GlobalSection(SolutionProperties) = preSolution
		HideSolutionNode = FALSE
	EndGlobalSection
	GlobalSection(NestedProjects) = preSolution
		{8D626EA8-CB54-BC41-363A-217881BEBA6E} = {827E0CD3-B72D-47B6-A68D-7590B98EB39B}
		{E9A053C4-2F3A-4366-832F-F206739C9E31} = {8D626EA8-CB54-BC41-363A-217881BEBA6E}
		{22BAF98C-8415-17C4-B26A-D537657BC863} = {827E0CD3-B72D-47B6-A68D-7590B98EB39B}
		{8D02EE89-1CD4-45CE-AF0A-0FBCFE4D7871} = {22BAF98C-8415-17C4-B26A-D537657BC863}
		{3E9C3776-17C9-28DE-3735-A8B9F121C183} = {827E0CD3-B72D-47B6-A68D-7590B98EB39B}
		{881E85BE-B0D8-0019-8553-D45727D918BB} = {3E9C3776-17C9-28DE-3735-A8B9F121C183}
		{B70B79A2-31F9-8E6C-050B-4DB42E072CC4} = {881E85BE-B0D8-0019-8553-D45727D918BB}
		{98BEE36D-823C-481C-9F10-C3CDC8B6BDCA} = {B70B79A2-31F9-8E6C-050B-4DB42E072CC4}
		{E9D0CA27-8918-6F8A-B406-FDBFA1CD8474} = {3E9C3776-17C9-28DE-3735-A8B9F121C183}
		{AA21CE7D-28CC-F5D1-7378-4C4790684686} = {E9D0CA27-8918-6F8A-B406-FDBFA1CD8474}
		{CEA09484-30F6-4D44-02F6-822E06DBC57C} = {827E0CD3-B72D-47B6-A68D-7590B98EB39B}
		{C2EE7F64-8DA3-E872-47CE-23FD4D4BA78E} = {CEA09484-30F6-4D44-02F6-822E06DBC57C}
		{FAEBB424-58C5-4BFF-9A16-EBC87EBC2EA7} = {C2EE7F64-8DA3-E872-47CE-23FD4D4BA78E}
		{FA224351-CA56-76EC-0418-D05EE063550C} = {CEA09484-30F6-4D44-02F6-822E06DBC57C}
		{CA12F0FE-14A0-4E9B-9091-5B7981C4A59F} = {FA224351-CA56-76EC-0418-D05EE063550C}
		{EEE4833D-02DF-4865-936E-10CD712A46F2} = {AA21CE7D-28CC-F5D1-7378-4C4790684686}
	EndGlobalSection
	GlobalSection(ExtensibilityGlobals) = postSolution
		SolutionGuid = {E8DF4748-7747-4567-A997-D9EDD31FD52E}
	EndGlobalSection
EndGlobal
